
Microsoft Visual Studio Solution File, Format Version 12.00
# Visual Studio Version 17
VisualStudioVersion = 17.7.34221.43
MinimumVisualStudioVersion = 10.0.40219.1
Project("{FAE04EC0-301F-11D3-BF4B-00C04F79EFBC}") = "31.10.2023 Two Forms", "31.10.2023 Two Forms\31.10.2023 Two Forms.csproj", "{33882E9A-A285-4819-90FE-CACEED752092}"
EndProject
Global
	GlobalSection(SolutionConfigurationPlatforms) = preSolution
		Debug|Any CPU = Debug|Any CPU
		Release|Any CPU = Release|Any CPU
	EndGlobalSection
	GlobalSection(ProjectConfigurationPlatforms) = postSolution
		{33882E9A-A285-4819-90FE-CACEED752092}.Debug|Any CPU.ActiveCfg = Debug|Any CPU
		{33882E9A-A285-4819-90FE-CACEED752092}.Debug|Any CPU.Build.0 = Debug|Any CPU
		{33882E9A-A285-4819-90FE-CACEED752092}.Release|Any CPU.ActiveCfg = Release|Any CPU
		{33882E9A-A285-4819-90FE-CACEED752092}.Release|Any CPU.Build.0 = Release|Any CPU
	EndGlobalSection
	GlobalSection(SolutionProperties) = preSolution
		HideSolutionNode = FALSE
	EndGlobalSection
	GlobalSection(ExtensibilityGlobals) = postSolution
		SolutionGuid = {CBC0A3EA-9E98-4AE0-9869-9A5F8B381F2E}
	EndGlobalSection
EndGlobal
